
Microsoft Visual Studio Solution File, Format Version 12.00
# Visual Studio 2012
Project("{FAE04EC0-301F-11D3-BF4B-00C04F79EFBC}") = "CVGuru", "CVGuru\CVGuru.csproj", "{4885EEE8-0639-4E83-A1DF-8FBCDA83C7B8}"
EndProject
Global
	GlobalSection(SolutionConfigurationPlatforms) = preSolution
		Debug|Any CPU = Debug|Any CPU
		Release|Any CPU = Release|Any CPU
	EndGlobalSection
	GlobalSection(ProjectConfigurationPlatforms) = postSolution
		{4885EEE8-0639-4E83-A1DF-8FBCDA83C7B8}.Debug|Any CPU.ActiveCfg = Debug|Any CPU
		{4885EEE8-0639-4E83-A1DF-8FBCDA83C7B8}.Debug|Any CPU.Build.0 = Debug|Any CPU
		{4885EEE8-0639-4E83-A1DF-8FBCDA83C7B8}.Release|Any CPU.ActiveCfg = Release|Any CPU
		{4885EEE8-0639-4E83-A1DF-8FBCDA83C7B8}.Release|Any CPU.Build.0 = Release|Any CPU
	EndGlobalSection
	GlobalSection(SolutionProperties) = preSolution
		HideSolutionNode = FALSE
	EndGlobalSection
EndGlobal
